// !$*UTF8*$!
{
	archiveVersion = 1;
	classes = {
	};
	objectVersion = 55;
	objects = {

/* Begin PBXBuildFile section */
		65235C1928D2220F00417355 /* SwiftUIBeginnerApp.swift in Sources */ = {isa = PBXBuildFile; fileRef = 65235C1828D2220F00417355 /* SwiftUIBeginnerApp.swift */; };
		65235C1B28D2220F00417355 /* ContentView.swift in Sources */ = {isa = PBXBuildFile; fileRef = 65235C1A28D2220F00417355 /* ContentView.swift */; };
		65235C1D28D2221200417355 /* Assets.xcassets in Resources */ = {isa = PBXBuildFile; fileRef = 65235C1C28D2221200417355 /* Assets.xcassets */; };
		65235C2028D2221200417355 /* Preview Assets.xcassets in Resources */ = {isa = PBXBuildFile; fileRef = 65235C1F28D2221200417355 /* Preview Assets.xcassets */; };
		65235C2A28D2221200417355 /* SwiftUIBeginnerTests.swift in Sources */ = {isa = PBXBuildFile; fileRef = 65235C2928D2221200417355 /* SwiftUIBeginnerTests.swift */; };
		65235C3428D2221200417355 /* SwiftUIBeginnerUITests.swift in Sources */ = {isa = PBXBuildFile; fileRef = 65235C3328D2221200417355 /* SwiftUIBeginnerUITests.swift */; };
		65235C3628D2221200417355 /* SwiftUIBeginnerUITestsLaunchTests.swift in Sources */ = {isa = PBXBuildFile; fileRef = 65235C3528D2221200417355 /* SwiftUIBeginnerUITestsLaunchTests.swift */; };
		65F4987D28D8B4E5001D3B82 /* HeaderView.swift in Sources */ = {isa = PBXBuildFile; fileRef = 65F4987C28D8B4E5001D3B82 /* HeaderView.swift */; };
		65F4987F28D8E934001D3B82 /* WarGames.swift in Sources */ = {isa = PBXBuildFile; fileRef = 65F4987E28D8E934001D3B82 /* WarGames.swift */; };
/* End PBXBuildFile section */

/* Begin PBXContainerItemProxy section */
		65235C2628D2221200417355 /* PBXContainerItemProxy */ = {
			isa = PBXContainerItemProxy;
			containerPortal = 65235C0D28D2220F00417355 /* Project object */;
			proxyType = 1;
			remoteGlobalIDString = 65235C1428D2220F00417355;
			remoteInfo = SwiftUIBeginner;
		};
		65235C3028D2221200417355 /* PBXContainerItemProxy */ = {
			isa = PBXContainerItemProxy;
			containerPortal = 65235C0D28D2220F00417355 /* Project object */;
			proxyType = 1;
			remoteGlobalIDString = 65235C1428D2220F00417355;
			remoteInfo = SwiftUIBeginner;
		};
/* End PBXContainerItemProxy section */

/* Begin PBXFileReference section */
		65235C1528D2220F00417355 /* SwiftUIBeginner.app */ = {isa = PBXFileReference; explicitFileType = wrapper.application; includeInIndex = 0; path = SwiftUIBeginner.app; sourceTree = BUILT_PRODUCTS_DIR; };
		65235C1828D2220F00417355 /* SwiftUIBeginnerApp.swift */ = {isa = PBXFileReference; lastKnownFileType = sourcecode.swift; path = SwiftUIBeginnerApp.swift; sourceTree = "<group>"; };
		65235C1A28D2220F00417355 /* ContentView.swift */ = {isa = PBXFileReference; lastKnownFileType = sourcecode.swift; path = ContentView.swift; sourceTree = "<group>"; };
		65235C1C28D2221200417355 /* Assets.xcassets */ = {isa = PBXFileReference; lastKnownFileType = folder.assetcatalog; path = Assets.xcassets; sourceTree = "<group>"; };
		65235C1F28D2221200417355 /* Preview Assets.xcassets */ = {isa = PBXFileReference; lastKnownFileType = folder.assetcatalog; path = "Preview Assets.xcassets"; sourceTree = "<group>"; };
		65235C2528D2221200417355 /* SwiftUIBeginnerTests.xctest */ = {isa = PBXFileReference; explicitFileType = wrapper.cfbundle; includeInIndex = 0; path = SwiftUIBeginnerTests.xctest; sourceTree = BUILT_PRODUCTS_DIR; };
		65235C2928D2221200417355 /* SwiftUIBeginnerTests.swift */ = {isa = PBXFileReference; lastKnownFileType = sourcecode.swift; path = SwiftUIBeginnerTests.swift; sourceTree = "<group>"; };
		65235C2F28D2221200417355 /* SwiftUIBeginnerUITests.xctest */ = {isa = PBXFileReference; explicitFileType = wrapper.cfbundle; includeInIndex = 0; path = SwiftUIBeginnerUITests.xctest; sourceTree = BUILT_PRODUCTS_DIR; };
		65235C3328D2221200417355 /* SwiftUIBeginnerUITests.swift */ = {isa = PBXFileReference; lastKnownFileType = sourcecode.swift; path = SwiftUIBeginnerUITests.swift; sourceTree = "<group>"; };
		65235C3528D2221200417355 /* SwiftUIBeginnerUITestsLaunchTests.swift */ = {isa = PBXFileReference; lastKnownFileType = sourcecode.swift; path = SwiftUIBeginnerUITestsLaunchTests.swift; sourceTree = "<group>"; };
		65F4987C28D8B4E5001D3B82 /* HeaderView.swift */ = {isa = PBXFileReference; lastKnownFileType = sourcecode.swift; path = HeaderView.swift; sourceTree = "<group>"; };
		65F4987E28D8E934001D3B82 /* WarGames.swift */ = {isa = PBXFileReference; lastKnownFileType = sourcecode.swift; path = WarGames.swift; sourceTree = "<group>"; };
/* End PBXFileReference section */

/* Begin PBXFrameworksBuildPhase section */
		65235C1228D2220F00417355 /* Frameworks */ = {
			isa = PBXFrameworksBuildPhase;
			buildActionMask = 2147483647;
			files = (
			);
			runOnlyForDeploymentPostprocessing = 0;
		};
		65235C2228D2221200417355 /* Frameworks */ = {
			isa = PBXFrameworksBuildPhase;
			buildActionMask = 2147483647;
			files = (
			);
			runOnlyForDeploymentPostprocessing = 0;
		};
		65235C2C28D2221200417355 /* Frameworks */ = {
			isa = PBXFrameworksBuildPhase;
			buildActionMask = 2147483647;
			files = (
			);
			runOnlyForDeploymentPostprocessing = 0;
		};
/* End PBXFrameworksBuildPhase section */

/* Begin PBXGroup section */
		65235C0C28D2220F00417355 = {
			isa = PBXGroup;
			children = (
				65235C1728D2220F00417355 /* SwiftUIBeginner */,
				65235C2828D2221200417355 /* SwiftUIBeginnerTests */,
				65235C3228D2221200417355 /* SwiftUIBeginnerUITests */,
				65235C1628D2220F00417355 /* Products */,
			);
			sourceTree = "<group>";
		};
		65235C1628D2220F00417355 /* Products */ = {
			isa = PBXGroup;
			children = (
				65235C1528D2220F00417355 /* SwiftUIBeginner.app */,
				65235C2528D2221200417355 /* SwiftUIBeginnerTests.xctest */,
				65235C2F28D2221200417355 /* SwiftUIBeginnerUITests.xctest */,
			);
			name = Products;
			sourceTree = "<group>";
		};
		65235C1728D2220F00417355 /* SwiftUIBeginner */ = {
			isa = PBXGroup;
			children = (
				65235C1828D2220F00417355 /* SwiftUIBeginnerApp.swift */,
				65235C1A28D2220F00417355 /* ContentView.swift */,
				65F4987E28D8E934001D3B82 /* WarGames.swift */,
				65235C1C28D2221200417355 /* Assets.xcassets */,
				65235C1E28D2221200417355 /* Preview Content */,
				65F4987C28D8B4E5001D3B82 /* HeaderView.swift */,
			);
			path = SwiftUIBeginner;
			sourceTree = "<group>";
		};
		65235C1E28D2221200417355 /* Preview Content */ = {
			isa = PBXGroup;
			children = (
				65235C1F28D2221200417355 /* Preview Assets.xcassets */,
			);
			path = "Preview Content";
			sourceTree = "<group>";
		};
		65235C2828D2221200417355 /* SwiftUIBeginnerTests */ = {
			isa = PBXGroup;
			children = (
				65235C2928D2221200417355 /* SwiftUIBeginnerTests.swift */,
			);
			path = SwiftUIBeginnerTests;
			sourceTree = "<group>";
		};
		65235C3228D2221200417355 /* SwiftUIBeginnerUITests */ = {
			isa = PBXGroup;
			children = (
				65235C3328D2221200417355 /* SwiftUIBeginnerUITests.swift */,
				65235C3528D2221200417355 /* SwiftUIBeginnerUITestsLaunchTests.swift */,
			);
			path = SwiftUIBeginnerUITests;
			sourceTree = "<group>";
		};
/* End PBXGroup section */

/* Begin PBXNativeTarget section */
		65235C1428D2220F00417355 /* SwiftUIBeginner */ = {
			isa = PBXNativeTarget;
			buildConfigurationList = 65235C3928D2221200417355 /* Build configuration list for PBXNativeTarget "SwiftUIBeginner" */;
			buildPhases = (
				65235C1128D2220F00417355 /* Sources */,
				65235C1228D2220F00417355 /* Frameworks */,
				65235C1328D2220F00417355 /* Resources */,
			);
			buildRules = (
			);
			dependencies = (
			);
			name = SwiftUIBeginner;
			productName = SwiftUIBeginner;
			productReference = 65235C1528D2220F00417355 /* SwiftUIBeginner.app */;
			productType = "com.apple.product-type.application";
		};
		65235C2428D2221200417355 /* SwiftUIBeginnerTests */ = {
			isa = PBXNativeTarget;
			buildConfigurationList = 65235C3C28D2221200417355 /* Build configuration list for PBXNativeTarget "SwiftUIBeginnerTests" */;
			buildPhases = (
				65235C2128D2221200417355 /* Sources */,
				65235C2228D2221200417355 /* Frameworks */,
				65235C2328D2221200417355 /* Resources */,
			);
			buildRules = (
			);
			dependencies = (
				65235C2728D2221200417355 /* PBXTargetDependency */,
			);
			name = SwiftUIBeginnerTests;
			productName = SwiftUIBeginnerTests;
			productReference = 65235C2528D2221200417355 /* SwiftUIBeginnerTests.xctest */;
			productType = "com.apple.product-type.bundle.unit-test";
		};
		65235C2E28D2221200417355 /* SwiftUIBeginnerUITests */ = {
			isa = PBXNativeTarget;
			buildConfigurationList = 65235C3F28D2221200417355 /* Build configuration list for PBXNativeTarget "SwiftUIBeginnerUITests" */;
			buildPhases = (
				65235C2B28D2221200417355 /* Sources */,
				65235C2C28D2221200417355 /* Frameworks */,
				65235C2D28D2221200417355 /* Resources */,
			);
			buildRules = (
			);
			dependencies = (
				65235C3128D2221200417355 /* PBXTargetDependency */,
			);
			name = SwiftUIBeginnerUITests;
			productName = SwiftUIBeginnerUITests;
			productReference = 65235C2F28D2221200417355 /* SwiftUIBeginnerUITests.xctest */;
			productType = "com.apple.product-type.bundle.ui-testing";
		};
/* End PBXNativeTarget section */

/* Begin PBXProject section */
		65235C0D28D2220F00417355 /* Project object */ = {
			isa = PBXProject;
			attributes = {
				BuildIndependentTargetsInParallel = 1;
				LastSwiftUpdateCheck = 1340;
				LastUpgradeCheck = 1340;
				TargetAttributes = {
					65235C1428D2220F00417355 = {
						CreatedOnToolsVersion = 13.4.1;
					};
					65235C2428D2221200417355 = {
						CreatedOnToolsVersion = 13.4.1;
						TestTargetID = 65235C1428D2220F00417355;
					};
					65235C2E28D2221200417355 = {
						CreatedOnToolsVersion = 13.4.1;
						TestTargetID = 65235C1428D2220F00417355;
					};
				};
			};
			buildConfigurationList = 65235C1028D2220F00417355 /* Build configuration list for PBXProject "SwiftUIBeginner" */;
			compatibilityVersion = "Xcode 13.0";
			developmentRegion = en;
			hasScannedForEncodings = 0;
			knownRegions = (
				en,
				Base,
			);
			mainGroup = 65235C0C28D2220F00417355;
			productRefGroup = 65235C1628D2220F00417355 /* Products */;
			projectDirPath = "";
			projectRoot = "";
			targets = (
				65235C1428D2220F00417355 /* SwiftUIBeginner */,
				65235C2428D2221200417355 /* SwiftUIBeginnerTests */,
				65235C2E28D2221200417355 /* SwiftUIBeginnerUITests */,
			);
		};
/* End PBXProject section */

/* Begin PBXResourcesBuildPhase section */
		65235C1328D2220F00417355 /* Resources */ = {
			isa = PBXResourcesBuildPhase;
			buildActionMask = 2147483647;
			files = (
				65235C2028D2221200417355 /* Preview Assets.xcassets in Resources */,
				65235C1D28D2221200417355 /* Assets.xcassets in Resources */,
			);
			runOnlyForDeploymentPostprocessing = 0;
		};
		65235C2328D2221200417355 /* Resources */ = {
			isa = PBXResourcesBuildPhase;
			buildActionMask = 2147483647;
			files = (
			);
			runOnlyForDeploymentPostprocessing = 0;
		};
		65235C2D28D2221200417355 /* Resources */ = {
			isa = PBXResourcesBuildPhase;
			buildActionMask = 2147483647;
			files = (
			);
			runOnlyForDeploymentPostprocessing = 0;
		};
/* End PBXResourcesBuildPhase section */

/* Begin PBXSourcesBuildPhase section */
		65235C1128D2220F00417355 /* Sources */ = {
			isa = PBXSourcesBuildPhase;
			buildActionMask = 2147483647;
			files = (
				65F4987F28D8E934001D3B82 /* WarGames.swift in Sources */,
				65235C1B28D2220F00417355 /* ContentView.swift in Sources */,
				65F4987D28D8B4E5001D3B82 /* HeaderView.swift in Sources */,
				65235C1928D2220F00417355 /* SwiftUIBeginnerApp.swift in Sources */,
			);
			runOnlyForDeploymentPostprocessing = 0;
		};
		65235C2128D2221200417355 /* Sources */ = {
			isa = PBXSourcesBuildPhase;
			buildActionMask = 2147483647;
			files = (
				65235C2A28D2221200417355 /* SwiftUIBeginnerTests.swift in Sources */,
			);
			runOnlyForDeploymentPostprocessing = 0;
		};
		65235C2B28D2221200417355 /* Sources */ = {
			isa = PBXSourcesBuildPhase;
			buildActionMask = 2147483647;
			files = (
				65235C3628D2221200417355 /* SwiftUIBeginnerUITestsLaunchTests.swift in Sources */,
				65235C3428D2221200417355 /* SwiftUIBeginnerUITests.swift in Sources */,
			);
			runOnlyForDeploymentPostprocessing = 0;
		};
/* End PBXSourcesBuildPhase section */

/* Begin PBXTargetDependency section */
		65235C2728D2221200417355 /* PBXTargetDependency */ = {
			isa = PBXTargetDependency;
			target = 65235C1428D2220F00417355 /* SwiftUIBeginner */;
			targetProxy = 65235C2628D2221200417355 /* PBXContainerItemProxy */;
		};
		65235C3128D2221200417355 /* PBXTargetDependency */ = {
			isa = PBXTargetDependency;
			target = 65235C1428D2220F00417355 /* SwiftUIBeginner */;
			targetProxy = 65235C3028D2221200417355 /* PBXContainerItemProxy */;
		};
/* End PBXTargetDependency section */

/* Begin XCBuildConfiguration section */
		65235C3728D2221200417355 /* Debug */ = {
			isa = XCBuildConfiguration;
			buildSettings = {
				ALWAYS_SEARCH_USER_PATHS = NO;
				CLANG_ANALYZER_NONNULL = YES;
				CLANG_ANALYZER_NUMBER_OBJECT_CONVERSION = YES_AGGRESSIVE;
				CLANG_CXX_LANGUAGE_STANDARD = "gnu++17";
				CLANG_ENABLE_MODULES = YES;
				CLANG_ENABLE_OBJC_ARC = YES;
				CLANG_ENABLE_OBJC_WEAK = YES;
				CLANG_WARN_BLOCK_CAPTURE_AUTORELEASING = YES;
				CLANG_WARN_BOOL_CONVERSION = YES;
				CLANG_WARN_COMMA = YES;
				CLANG_WARN_CONSTANT_CONVERSION = YES;
				CLANG_WARN_DEPRECATED_OBJC_IMPLEMENTATIONS = YES;
				CLANG_WARN_DIRECT_OBJC_ISA_USAGE = YES_ERROR;
				CLANG_WARN_DOCUMENTATION_COMMENTS = YES;
				CLANG_WARN_EMPTY_BODY = YES;
				CLANG_WARN_ENUM_CONVERSION = YES;
				CLANG_WARN_INFINITE_RECURSION = YES;
				CLANG_WARN_INT_CONVERSION = YES;
				CLANG_WARN_NON_LITERAL_NULL_CONVERSION = YES;
				CLANG_WARN_OBJC_IMPLICIT_RETAIN_SELF = YES;
				CLANG_WARN_OBJC_LITERAL_CONVERSION = YES;
				CLANG_WARN_OBJC_ROOT_CLASS = YES_ERROR;
				CLANG_WARN_QUOTED_INCLUDE_IN_FRAMEWORK_HEADER = YES;
				CLANG_WARN_RANGE_LOOP_ANALYSIS = YES;
				CLANG_WARN_STRICT_PROTOTYPES = YES;
				CLANG_WARN_SUSPICIOUS_MOVE = YES;
				CLANG_WARN_UNGUARDED_AVAILABILITY = YES_AGGRESSIVE;
				CLANG_WARN_UNREACHABLE_CODE = YES;
				CLANG_WARN__DUPLICATE_METHOD_MATCH = YES;
				COPY_PHASE_STRIP = NO;
				DEBUG_INFORMATION_FORMAT = dwarf;
				ENABLE_STRICT_OBJC_MSGSEND = YES;
				ENABLE_TESTABILITY = YES;
				GCC_C_LANGUAGE_STANDARD = gnu11;
				GCC_DYNAMIC_NO_PIC = NO;
				GCC_NO_COMMON_BLOCKS = YES;
				GCC_OPTIMIZATION_LEVEL = 0;
				GCC_PREPROCESSOR_DEFINITIONS = (
					"DEBUG=1",
					"$(inherited)",
				);
				GCC_WARN_64_TO_32_BIT_CONVERSION = YES;
				GCC_WARN_ABOUT_RETURN_TYPE = YES_ERROR;
				GCC_WARN_UNDECLARED_SELECTOR = YES;
				GCC_WARN_UNINITIALIZED_AUTOS = YES_AGGRESSIVE;
				GCC_WARN_UNUSED_FUNCTION = YES;
				GCC_WARN_UNUSED_VARIABLE = YES;
				IPHONEOS_DEPLOYMENT_TARGET = 15.5;
				MTL_ENABLE_DEBUG_INFO = INCLUDE_SOURCE;
				MTL_FAST_MATH = YES;
				ONLY_ACTIVE_ARCH = YES;
				SDKROOT = iphoneos;
				SWIFT_ACTIVE_COMPILATION_CONDITIONS = DEBUG;
				SWIFT_OPTIMIZATION_LEVEL = "-Onone";
			};
			name = Debug;
		};
		65235C3828D2221200417355 /* Release */ = {
			isa = XCBuildConfiguration;
			buildSettings = {
				ALWAYS_SEARCH_USER_PATHS = NO;
				CLANG_ANALYZER_NONNULL = YES;
				CLANG_ANALYZER_NUMBER_OBJECT_CONVERSION = YES_AGGRESSIVE;
				CLANG_CXX_LANGUAGE_STANDARD = "gnu++17";
				CLANG_ENABLE_MODULES = YES;
				CLANG_ENABLE_OBJC_ARC = YES;
				CLANG_ENABLE_OBJC_WEAK = YES;
				CLANG_WARN_BLOCK_CAPTURE_AUTORELEASING = YES;
				CLANG_WARN_BOOL_CONVERSION = YES;
				CLANG_WARN_COMMA = YES;
				CLANG_WARN_CONSTANT_CONVERSION = YES;
				CLANG_WARN_DEPRECATED_OBJC_IMPLEMENTATIONS = YES;
				CLANG_WARN_DIRECT_OBJC_ISA_USAGE = YES_ERROR;
				CLANG_WARN_DOCUMENTATION_COMMENTS = YES;
				CLANG_WARN_EMPTY_BODY = YES;
				CLANG_WARN_ENUM_CONVERSION = YES;
				CLANG_WARN_INFINITE_RECURSION = YES;
				CLANG_WARN_INT_CONVERSION = YES;
				CLANG_WARN_NON_LITERAL_NULL_CONVERSION = YES;
				CLANG_WARN_OBJC_IMPLICIT_RETAIN_SELF = YES;
				CLANG_WARN_OBJC_LITERAL_CONVERSION = YES;
				CLANG_WARN_OBJC_ROOT_CLASS = YES_ERROR;
				CLANG_WARN_QUOTED_INCLUDE_IN_FRAMEWORK_HEADER = YES;
				CLANG_WARN_RANGE_LOOP_ANALYSIS = YES;
				CLANG_WARN_STRICT_PROTOTYPES = YES;
				CLANG_WARN_SUSPICIOUS_MOVE = YES;
				CLANG_WARN_UNGUARDED_AVAILABILITY = YES_AGGRESSIVE;
				CLANG_WARN_UNREACHABLE_CODE = YES;
				CLANG_WARN__DUPLICATE_METHOD_MATCH = YES;
				COPY_PHASE_STRIP = NO;
				DEBUG_INFORMATION_FORMAT = "dwarf-with-dsym";
				ENABLE_NS_ASSERTIONS = NO;
				ENABLE_STRICT_OBJC_MSGSEND = YES;
				GCC_C_LANGUAGE_STANDARD = gnu11;
				GCC_NO_COMMON_BLOCKS = YES;
				GCC_WARN_64_TO_32_BIT_CONVERSION = YES;
				GCC_WARN_ABOUT_RETURN_TYPE = YES_ERROR;
				GCC_WARN_UNDECLARED_SELECTOR = YES;
				GCC_WARN_UNINITIALIZED_AUTOS = YES_AGGRESSIVE;
				GCC_WARN_UNUSED_FUNCTION = YES;
				GCC_WARN_UNUSED_VARIABLE = YES;
				IPHONEOS_DEPLOYMENT_TARGET = 15.5;
				MTL_ENABLE_DEBUG_INFO = NO;
				MTL_FAST_MATH = YES;
				SDKROOT = iphoneos;
				SWIFT_COMPILATION_MODE = wholemodule;
				SWIFT_OPTIMIZATION_LEVEL = "-O";
				VALIDATE_PRODUCT = YES;
			};
			name = Release;
		};
		65235C3A28D2221200417355 /* Debug */ = {
			isa = XCBuildConfiguration;
			buildSettings = {
				ASSETCATALOG_COMPILER_APPICON_NAME = AppIcon;
				ASSETCATALOG_COMPILER_GLOBAL_ACCENT_COLOR_NAME = AccentColor;
				CODE_SIGN_STYLE = Automatic;
				CURRENT_PROJECT_VERSION = 1;
				DEVELOPMENT_ASSET_PATHS = "\"SwiftUIBeginner/Preview Content\"";
				DEVELOPMENT_TEAM = YWCWPX9H3M;
				ENABLE_PREVIEWS = YES;
				GENERATE_INFOPLIST_FILE = YES;
				INFOPLIST_KEY_UIApplicationSceneManifest_Generation = YES;
				INFOPLIST_KEY_UIApplicationSupportsIndirectInputEvents = YES;
				INFOPLIST_KEY_UILaunchScreen_Generation = YES;
				INFOPLIST_KEY_UISupportedInterfaceOrientations_iPad = "UIInterfaceOrientationPortrait UIInterfaceOrientationPortraitUpsideDown UIInterfaceOrientationLandscapeLeft UIInterfaceOrientationLandscapeRight";
				INFOPLIST_KEY_UISupportedInterfaceOrientations_iPhone = "UIInterfaceOrientationPortrait UIInterfaceOrientationLandscapeLeft UIInterfaceOrientationLandscapeRight";
				LD_RUNPATH_SEARCH_PATHS = (
					"$(inherited)",
					"@executable_path/Frameworks",
				);
				MARKETING_VERSION = 1.0;
				PRODUCT_BUNDLE_IDENTIFIER = com.daniel.SwiftUIBeginner;
				PRODUCT_NAME = "$(TARGET_NAME)";
				SWIFT_EMIT_LOC_STRINGS = YES;
				SWIFT_VERSION = 5.0;
				TARGETED_DEVICE_FAMILY = "1,2";
			};
			name = Debug;
		};
		65235C3B28D2221200417355 /* Release */ = {
			isa = XCBuildConfiguration;
			buildSettings = {
				ASSETCATALOG_COMPILER_APPICON_NAME = AppIcon;
				ASSETCATALOG_COMPILER_GLOBAL_ACCENT_COLOR_NAME = AccentColor;
				CODE_SIGN_STYLE = Automatic;
				CURRENT_PROJECT_VERSION = 1;
				DEVELOPMENT_ASSET_PATHS = "\"SwiftUIBeginner/Preview Content\"";
				DEVELOPMENT_TEAM = YWCWPX9H3M;
				ENABLE_PREVIEWS = YES;
				GENERATE_INFOPLIST_FILE = YES;
				INFOPLIST_KEY_UIApplicationSceneManifest_Generation = YES;
				INFOPLIST_KEY_UIApplicationSupportsIndirectInputEvents = YES;
				INFOPLIST_KEY_UILaunchScreen_Generation = YES;
				INFOPLIST_KEY_UISupportedInterfaceOrientations_iPad = "UIInterfaceOrientationPortrait UIInterfaceOrientationPortraitUpsideDown UIInterfaceOrientationLandscapeLeft UIInterfaceOrientationLandscapeRight";
				INFOPLIST_KEY_UISupportedInterfaceOrientations_iPhone = "UIInterfaceOrientationPortrait UIInterfaceOrientationLandscapeLeft UIInterfaceOrientationLandscapeRight";
				LD_RUNPATH_SEARCH_PATHS = (
					"$(inherited)",
					"@executable_path/Frameworks",
				);
				MARKETING_VERSION = 1.0;
				PRODUCT_BUNDLE_IDENTIFIER = com.daniel.SwiftUIBeginner;
				PRODUCT_NAME = "$(TARGET_NAME)";
				SWIFT_EMIT_LOC_STRINGS = YES;
				SWIFT_VERSION = 5.0;
				TARGETED_DEVICE_FAMILY = "1,2";
			};
			name = Release;
		};
		65235C3D28D2221200417355 /* Debug */ = {
			isa = XCBuildConfiguration;
			buildSettings = {
				ALWAYS_EMBED_SWIFT_STANDARD_LIBRARIES = YES;
				BUNDLE_LOADER = "$(TEST_HOST)";
				CODE_SIGN_STYLE = Automatic;
				CURRENT_PROJECT_VERSION = 1;
				DEVELOPMENT_TEAM = YWCWPX9H3M;
				GENERATE_INFOPLIST_FILE = YES;
				IPHONEOS_DEPLOYMENT_TARGET = 15.5;
				MARKETING_VERSION = 1.0;
				PRODUCT_BUNDLE_IDENTIFIER = com.daniel.SwiftUIBeginnerTests;
				PRODUCT_NAME = "$(TARGET_NAME)";
				SWIFT_EMIT_LOC_STRINGS = NO;
				SWIFT_VERSION = 5.0;
				TARGETED_DEVICE_FAMILY = "1,2";
				TEST_HOST = "$(BUILT_PRODUCTS_DIR)/SwiftUIBeginner.app/SwiftUIBeginner";
			};
			name = Debug;
		};
		65235C3E28D2221200417355 /* Release */ = {
			isa = XCBuildConfiguration;
			buildSettings = {
				ALWAYS_EMBED_SWIFT_STANDARD_LIBRARIES = YES;
				BUNDLE_LOADER = "$(TEST_HOST)";
				CODE_SIGN_STYLE = Automatic;
				CURRENT_PROJECT_VERSION = 1;
				DEVELOPMENT_TEAM = YWCWPX9H3M;
				GENERATE_INFOPLIST_FILE = YES;
				IPHONEOS_DEPLOYMENT_TARGET = 15.5;
				MARKETING_VERSION = 1.0;
				PRODUCT_BUNDLE_IDENTIFIER = com.daniel.SwiftUIBeginnerTests;
				PRODUCT_NAME = "$(TARGET_NAME)";
				SWIFT_EMIT_LOC_STRINGS = NO;
				SWIFT_VERSION = 5.0;
				TARGETED_DEVICE_FAMILY = "1,2";
				TEST_HOST = "$(BUILT_PRODUCTS_DIR)/SwiftUIBeginner.app/SwiftUIBeginner";
			};
			name = Release;
		};
		65235C4028D2221200417355 /* Debug */ = {
			isa = XCBuildConfiguration;
			buildSettings = {
				ALWAYS_EMBED_SWIFT_STANDARD_LIBRARIES = YES;
				CODE_SIGN_STYLE = Automatic;
				CURRENT_PROJECT_VERSION = 1;
				DEVELOPMENT_TEAM = YWCWPX9H3M;
				GENERATE_INFOPLIST_FILE = YES;
				MARKETING_VERSION = 1.0;
				PRODUCT_BUNDLE_IDENTIFIER = com.daniel.SwiftUIBeginnerUITests;
				PRODUCT_NAME = "$(TARGET_NAME)";
				SWIFT_EMIT_LOC_STRINGS = NO;
				SWIFT_VERSION = 5.0;
				TARGETED_DEVICE_FAMILY = "1,2";
				TEST_TARGET_NAME = SwiftUIBeginner;
			};
			name = Debug;
		};
		65235C4128D2221200417355 /* Release */ = {
			isa = XCBuildConfiguration;
			buildSettings = {
				ALWAYS_EMBED_SWIFT_STANDARD_LIBRARIES = YES;
				CODE_SIGN_STYLE = Automatic;
				CURRENT_PROJECT_VERSION = 1;
				DEVELOPMENT_TEAM = YWCWPX9H3M;
				GENERATE_INFOPLIST_FILE = YES;
				MARKETING_VERSION = 1.0;
				PRODUCT_BUNDLE_IDENTIFIER = com.daniel.SwiftUIBeginnerUITests;
				PRODUCT_NAME = "$(TARGET_NAME)";
				SWIFT_EMIT_LOC_STRINGS = NO;
				SWIFT_VERSION = 5.0;
				TARGETED_DEVICE_FAMILY = "1,2";
				TEST_TARGET_NAME = SwiftUIBeginner;
			};
			name = Release;
		};
/* End XCBuildConfiguration section */

/* Begin XCConfigurationList section */
		65235C1028D2220F00417355 /* Build configuration list for PBXProject "SwiftUIBeginner" */ = {
			isa = XCConfigurationList;
			buildConfigurations = (
				65235C3728D2221200417355 /* Debug */,
				65235C3828D2221200417355 /* Release */,
			);
			defaultConfigurationIsVisible = 0;
			defaultConfigurationName = Release;
		};
		65235C3928D2221200417355 /* Build configuration list for PBXNativeTarget "SwiftUIBeginner" */ = {
			isa = XCConfigurationList;
			buildConfigurations = (
				65235C3A28D2221200417355 /* Debug */,
				65235C3B28D2221200417355 /* Release */,
			);
			defaultConfigurationIsVisible = 0;
			defaultConfigurationName = Release;
		};
		65235C3C28D2221200417355 /* Build configuration list for PBXNativeTarget "SwiftUIBeginnerTests" */ = {
			isa = XCConfigurationList;
			buildConfigurations = (
				65235C3D28D2221200417355 /* Debug */,
				65235C3E28D2221200417355 /* Release */,
			);
			defaultConfigurationIsVisible = 0;
			defaultConfigurationName = Release;
		};
		65235C3F28D2221200417355 /* Build configuration list for PBXNativeTarget "SwiftUIBeginnerUITests" */ = {
			isa = XCConfigurationList;
			buildConfigurations = (
				65235C4028D2221200417355 /* Debug */,
				65235C4128D2221200417355 /* Release */,
			);
			defaultConfigurationIsVisible = 0;
			defaultConfigurationName = Release;
		};
/* End XCConfigurationList section */
	};
	rootObject = 65235C0D28D2220F00417355 /* Project object */;
}
